
Microsoft Visual Studio Solution File, Format Version 12.00
# Visual Studio Version 17
VisualStudioVersion = 17.10.34916.146
MinimumVisualStudioVersion = 10.0.40219.1
Project("{FAE04EC0-301F-11D3-BF4B-00C04F79EFBC}") = "DamageCalculator", "DamageCalculator\DamageCalculator.csproj", "{1BAAFA29-C561-4F9D-8A3E-5069414E9348}"
EndProject
Global
	GlobalSection(SolutionConfigurationPlatforms) = preSolution
		Debug|Any CPU = Debug|Any CPU
		Release|Any CPU = Release|Any CPU
	EndGlobalSection
	GlobalSection(ProjectConfigurationPlatforms) = postSolution
		{1BAAFA29-C561-4F9D-8A3E-5069414E9348}.Debug|Any CPU.ActiveCfg = Debug|Any CPU
		{1BAAFA29-C561-4F9D-8A3E-5069414E9348}.Debug|Any CPU.Build.0 = Debug|Any CPU
		{1BAAFA29-C561-4F9D-8A3E-5069414E9348}.Release|Any CPU.ActiveCfg = Release|Any CPU
		{1BAAFA29-C561-4F9D-8A3E-5069414E9348}.Release|Any CPU.Build.0 = Release|Any CPU
	EndGlobalSection
	GlobalSection(SolutionProperties) = preSolution
		HideSolutionNode = FALSE
	EndGlobalSection
	GlobalSection(ExtensibilityGlobals) = postSolution
		SolutionGuid = {6284F82F-B921-4106-9FFE-CA5345BEB21E}
	EndGlobalSection
EndGlobal
